PODS:
  - CleanJSON (0.8.2)
  - HandyJSON (5.0.0-beta.1)
  - ObjectMapper (3.4.2)

DEPENDENCIES:
  - CleanJSON
  - HandyJSON (= 5.0.0-beta.1)
  - ObjectMapper

SPEC REPOS:
  https://github.com/cocoapods/specs.git:
    - CleanJSON
    - HandyJSON
    - ObjectMapper

SPEC CHECKSUMS:
  CleanJSON: f7be273cc133747dfc638da4f2f9d552d05a4289
  HandyJSON: 582477127ab3ab65bd2e471815f1a7b846856978
  ObjectMapper: 0d4402610f4e468903ae64629eec4784531e5c51

PODFILE CHECKSUM: 019f4d412d898a484bd2102913ed54a052054e75

COCOAPODS: 1.7.0.beta.3
